
Microsoft Visual Studio Solution File, Format Version 12.00
# Visual Studio Version 17
VisualStudioVersion = 17.9.34701.34
MinimumVisualStudioVersion = 10.0.40219.1
Project("{9A19103F-16F7-4668-BE54-9A1E7A4F7556}") = "P01.Cinema", "P01.Cinema\P01.Cinema.csproj", "{C9E5BC47-A663-495F-BEE8-DFA9C366E79B}"
EndProject
Project("{9A19103F-16F7-4668-BE54-9A1E7A4F7556}") = "P05.Journey", "P05.Journey\P05.Journey.csproj", "{CA4FABEA-EF60-4200-8BF0-58569216223A}"
EndProject
Project("{FAE04EC0-301F-11D3-BF4B-00C04F79EFBC}") = "P08.OnTimeForTheExam", "P08.OnTimeForTheExam\P08.OnTimeForTheExam.csproj", "{6951EFA3-C3ED-4671-B32B-ADA7105272AE}"
EndProject
Project("{9A19103F-16F7-4668-BE54-9A1E7A4F7556}") = "P02.SummerOutfit", "P02.SummerOutfit\P02.SummerOutfit.csproj", "{371F66BA-9747-4EFF-9639-F35C78B26B71}"
EndProject
Project("{9A19103F-16F7-4668-BE54-9A1E7A4F7556}") = "P06.OperationsBetweenNumbers", "P06.OperationsBetweenNumbers\P06.OperationsBetweenNumbers.csproj", "{9E03BB78-D35A-487F-8FB4-33A32651A93E}"
EndProject
Project("{9A19103F-16F7-4668-BE54-9A1E7A4F7556}") = "P07.HotelRoom", "P07.HotelRoom\P07.HotelRoom.csproj", "{A00111D7-96FB-4170-B580-CF929B4D83AD}"
EndProject
Project("{FAE04EC0-301F-11D3-BF4B-00C04F79EFBC}") = "P08.OnTimeForTeExam", "P08.OnTimeForTeExam\P08.OnTimeForTeExam.csproj", "{A5793298-53F3-4373-A7BE-DBADEBE6CDE2}"
EndProject
Project("{FAE04EC0-301F-11D3-BF4B-00C04F79EFBC}") = "P09.SkiTrip", "P09.SkiTrip\P09.SkiTrip.csproj", "{EEA7AAB7-8B3B-40AE-83FC-FE7C8910E939}"
EndProject
Global
	GlobalSection(SolutionConfigurationPlatforms) = preSolution
		Debug|Any CPU = Debug|Any CPU
		Release|Any CPU = Release|Any CPU
	EndGlobalSection
	GlobalSection(ProjectConfigurationPlatforms) = postSolution
		{C9E5BC47-A663-495F-BEE8-DFA9C366E79B}.Debug|Any CPU.ActiveCfg = Debug|Any CPU
		{C9E5BC47-A663-495F-BEE8-DFA9C366E79B}.Debug|Any CPU.Build.0 = Debug|Any CPU
		{C9E5BC47-A663-495F-BEE8-DFA9C366E79B}.Release|Any CPU.ActiveCfg = Release|Any CPU
		{C9E5BC47-A663-495F-BEE8-DFA9C366E79B}.Release|Any CPU.Build.0 = Release|Any CPU
		{CA4FABEA-EF60-4200-8BF0-58569216223A}.Debug|Any CPU.ActiveCfg = Debug|Any CPU
		{CA4FABEA-EF60-4200-8BF0-58569216223A}.Debug|Any CPU.Build.0 = Debug|Any CPU
		{CA4FABEA-EF60-4200-8BF0-58569216223A}.Release|Any CPU.ActiveCfg = Release|Any CPU
		{CA4FABEA-EF60-4200-8BF0-58569216223A}.Release|Any CPU.Build.0 = Release|Any CPU
		{6951EFA3-C3ED-4671-B32B-ADA7105272AE}.Debug|Any CPU.ActiveCfg = Debug|Any CPU
		{6951EFA3-C3ED-4671-B32B-ADA7105272AE}.Debug|Any CPU.Build.0 = Debug|Any CPU
		{6951EFA3-C3ED-4671-B32B-ADA7105272AE}.Release|Any CPU.ActiveCfg = Release|Any CPU
		{6951EFA3-C3ED-4671-B32B-ADA7105272AE}.Release|Any CPU.Build.0 = Release|Any CPU
		{371F66BA-9747-4EFF-9639-F35C78B26B71}.Debug|Any CPU.ActiveCfg = Debug|Any CPU
		{371F66BA-9747-4EFF-9639-F35C78B26B71}.Debug|Any CPU.Build.0 = Debug|Any CPU
		{371F66BA-9747-4EFF-9639-F35C78B26B71}.Release|Any CPU.ActiveCfg = Release|Any CPU
		{371F66BA-9747-4EFF-9639-F35C78B26B71}.Release|Any CPU.Build.0 = Release|Any CPU
		{9E03BB78-D35A-487F-8FB4-33A32651A93E}.Debug|Any CPU.ActiveCfg = Debug|Any CPU
		{9E03BB78-D35A-487F-8FB4-33A32651A93E}.Debug|Any CPU.Build.0 = Debug|Any CPU
		{9E03BB78-D35A-487F-8FB4-33A32651A93E}.Release|Any CPU.ActiveCfg = Release|Any CPU
		{9E03BB78-D35A-487F-8FB4-33A32651A93E}.Release|Any CPU.Build.0 = Release|Any CPU
		{A00111D7-96FB-4170-B580-CF929B4D83AD}.Debug|Any CPU.ActiveCfg = Debug|Any CPU
		{A00111D7-96FB-4170-B580-CF929B4D83AD}.Debug|Any CPU.Build.0 = Debug|Any CPU
		{A00111D7-96FB-4170-B580-CF929B4D83AD}.Release|Any CPU.ActiveCfg = Release|Any CPU
		{A00111D7-96FB-4170-B580-CF929B4D83AD}.Release|Any CPU.Build.0 = Release|Any CPU
		{A5793298-53F3-4373-A7BE-DBADEBE6CDE2}.Debug|Any CPU.ActiveCfg = Debug|Any CPU
		{A5793298-53F3-4373-A7BE-DBADEBE6CDE2}.Debug|Any CPU.Build.0 = Debug|Any CPU
		{A5793298-53F3-4373-A7BE-DBADEBE6CDE2}.Release|Any CPU.ActiveCfg = Release|Any CPU
		{A5793298-53F3-4373-A7BE-DBADEBE6CDE2}.Release|Any CPU.Build.0 = Release|Any CPU
		{EEA7AAB7-8B3B-40AE-83FC-FE7C8910E939}.Debug|Any CPU.ActiveCfg = Debug|Any CPU
		{EEA7AAB7-8B3B-40AE-83FC-FE7C8910E939}.Debug|Any CPU.Build.0 = Debug|Any CPU
		{EEA7AAB7-8B3B-40AE-83FC-FE7C8910E939}.Release|Any CPU.ActiveCfg = Release|Any CPU
		{EEA7AAB7-8B3B-40AE-83FC-FE7C8910E939}.Release|Any CPU.Build.0 = Release|Any CPU
	EndGlobalSection
	GlobalSection(SolutionProperties) = preSolution
		HideSolutionNode = FALSE
	EndGlobalSection
	GlobalSection(ExtensibilityGlobals) = postSolution
		SolutionGuid = {54BEA0E8-AD76-4989-9E1E-F0A755422BEE}
	EndGlobalSection
EndGlobal
