
Microsoft Visual Studio Solution File, Format Version 12.00
# Visual Studio Version 17
VisualStudioVersion = 17.13.35913.81
MinimumVisualStudioVersion = 10.0.40219.1
Project("{FAE04EC0-301F-11D3-BF4B-00C04F79EFBC}") = "P03.Histogram", "P03.Histogram\P03.Histogram.csproj", "{EA0AD6AD-5B47-432D-9CC0-4450CEF3C457}"
EndProject
Project("{FAE04EC0-301F-11D3-BF4B-00C04F79EFBC}") = "06.Oscars", "06.Oscars\06.Oscars.csproj", "{65848906-5B5E-4A0B-9137-0DEC67C6B559}"
EndProject
Project("{FAE04EC0-301F-11D3-BF4B-00C04F79EFBC}") = "P04.CleverLily", "P04.CleverLily\P04.CleverLily.csproj", "{C91F035F-76DC-49D2-B34B-7206A4FD2D36}"
EndProject
Project("{FAE04EC0-301F-11D3-BF4B-00C04F79EFBC}") = "P05.Salary", "P05.Salary\P05.Salary.csproj", "{7721960F-37E1-464F-8F79-A8AD928C043A}"
EndProject
Global
	GlobalSection(SolutionConfigurationPlatforms) = preSolution
		Debug|Any CPU = Debug|Any CPU
		Release|Any CPU = Release|Any CPU
	EndGlobalSection
	GlobalSection(ProjectConfigurationPlatforms) = postSolution
		{EA0AD6AD-5B47-432D-9CC0-4450CEF3C457}.Debug|Any CPU.ActiveCfg = Debug|Any CPU
		{EA0AD6AD-5B47-432D-9CC0-4450CEF3C457}.Debug|Any CPU.Build.0 = Debug|Any CPU
		{EA0AD6AD-5B47-432D-9CC0-4450CEF3C457}.Release|Any CPU.ActiveCfg = Release|Any CPU
		{EA0AD6AD-5B47-432D-9CC0-4450CEF3C457}.Release|Any CPU.Build.0 = Release|Any CPU
		{65848906-5B5E-4A0B-9137-0DEC67C6B559}.Debug|Any CPU.ActiveCfg = Debug|Any CPU
		{65848906-5B5E-4A0B-9137-0DEC67C6B559}.Debug|Any CPU.Build.0 = Debug|Any CPU
		{65848906-5B5E-4A0B-9137-0DEC67C6B559}.Release|Any CPU.ActiveCfg = Release|Any CPU
		{65848906-5B5E-4A0B-9137-0DEC67C6B559}.Release|Any CPU.Build.0 = Release|Any CPU
		{C91F035F-76DC-49D2-B34B-7206A4FD2D36}.Debug|Any CPU.ActiveCfg = Debug|Any CPU
		{C91F035F-76DC-49D2-B34B-7206A4FD2D36}.Debug|Any CPU.Build.0 = Debug|Any CPU
		{C91F035F-76DC-49D2-B34B-7206A4FD2D36}.Release|Any CPU.ActiveCfg = Release|Any CPU
		{C91F035F-76DC-49D2-B34B-7206A4FD2D36}.Release|Any CPU.Build.0 = Release|Any CPU
		{7721960F-37E1-464F-8F79-A8AD928C043A}.Debug|Any CPU.ActiveCfg = Debug|Any CPU
		{7721960F-37E1-464F-8F79-A8AD928C043A}.Debug|Any CPU.Build.0 = Debug|Any CPU
		{7721960F-37E1-464F-8F79-A8AD928C043A}.Release|Any CPU.ActiveCfg = Release|Any CPU
		{7721960F-37E1-464F-8F79-A8AD928C043A}.Release|Any CPU.Build.0 = Release|Any CPU
	EndGlobalSection
	GlobalSection(SolutionProperties) = preSolution
		HideSolutionNode = FALSE
	EndGlobalSection
	GlobalSection(ExtensibilityGlobals) = postSolution
		SolutionGuid = {62981BEE-78CA-47F5-895C-524ECB444D19}
	EndGlobalSection
EndGlobal
